{
  "version": "2",
  "remote": {},
  "npm": {
    "specifiers": {
      "peer": "peer@1.0.0"
    },
    "packages": {
      "@types/body-parser@1.19.2": {
        "integrity": "sha512-ALYone6pm6QmwZoAgeyNksccT9Q4AWZQ6PvfwR37GT6r6FWUPguq6sUmNGSMV2Wr761oQoBxwGGa6DR5o1DC9g==",
        "dependencies": {
          "@types/connect": "@types/connect@3.4.35",
          "@types/node": "@types/node@20.4.9"
        }
      },
      "@types/connect@3.4.35": {
        "integrity": "sha512-cdeYyv4KWoEgpBISTxWvqYsVy444DOqehiF3fM3ne10AmJ62RSyNkUnxMJXHQWRQQX2eR94m5y1IZyDwBjV9FQ==",
        "dependencies": {
          "@types/node": "@types/node@20.4.9"
        }
      },
      "@types/express-serve-static-core@4.17.35": {
        "integrity": "sha512-wALWQwrgiB2AWTT91CB62b6Yt0sNHpznUXeZEcnPU3DRdlDIz74x8Qg1UUYKSVFi+va5vKOLYRBI1bRKiLLKIg==",
        "dependencies": {
          "@types/node": "@types/node@20.4.9",
          "@types/qs": "@types/qs@6.9.7",
          "@types/range-parser": "@types/range-parser@1.2.4",
          "@types/send": "@types/send@0.17.1"
        }
      },
      "@types/express@4.17.17": {
        "integrity": "sha512-Q4FmmuLGBG58btUnfS1c1r/NQdlp3DMfGDGig8WhfpA2YRUtEkxAjkZb0yvplJGYdF1fsQ81iMDcH24sSCNC/Q==",
        "dependencies": {
          "@types/body-parser": "@types/body-parser@1.19.2",
          "@types/express-serve-static-core": "@types/express-serve-static-core@4.17.35",
          "@types/qs": "@types/qs@6.9.7",
          "@types/serve-static": "@types/serve-static@1.15.2"
        }
      },
      "@types/http-errors@2.0.1": {
        "integrity": "sha512-/K3ds8TRAfBvi5vfjuz8y6+GiAYBZ0x4tXv1Av6CWBWn0IlADc+ZX9pMq7oU0fNQPnBwIZl3rmeLp6SBApbxSQ==",
        "dependencies": {}
      },
      "@types/mime@1.3.2": {
        "integrity": "sha512-YATxVxgRqNH6nHEIsvg6k2Boc1JHI9ZbH5iWFFv/MTkchz3b1ieGDa5T0a9RznNdI0KhVbdbWSN+KWWrQZRxTw==",
        "dependencies": {}
      },
      "@types/mime@3.0.1": {
        "integrity": "sha512-Y4XFY5VJAuw0FgAqPNd6NNoV44jbq9Bz2L7Rh/J6jLTiHBSBJa9fxqQIvkIld4GsoDOcCbvzOUAbLPsSKKg+uA==",
        "dependencies": {}
      },
      "@types/node@20.4.9": {
        "integrity": "sha512-8e2HYcg7ohnTUbHk8focoklEQYvemQmu9M/f43DZVx43kHn0tE3BY/6gSDxS7k0SprtS0NHvj+L80cGLnoOUcQ==",
        "dependencies": {}
      },
      "@types/qs@6.9.7": {
        "integrity": "sha512-FGa1F62FT09qcrueBA6qYTrJPVDzah9a+493+o2PCXsesWHIn27G98TsSMs3WPNbZIEj4+VJf6saSFpvD+3Zsw==",
        "dependencies": {}
      },
      "@types/range-parser@1.2.4": {
        "integrity": "sha512-EEhsLsD6UsDM1yFhAvy0Cjr6VwmpMWqFBCb9w07wVugF7w9nfajxLuVmngTIpgS6svCnm6Vaw+MZhoDCKnOfsw==",
        "dependencies": {}
      },
      "@types/send@0.17.1": {
        "integrity": "sha512-Cwo8LE/0rnvX7kIIa3QHCkcuF21c05Ayb0ZfxPiv0W8VRiZiNW/WuRupHKpqqGVGf7SUA44QSOUKaEd9lIrd/Q==",
        "dependencies": {
          "@types/mime": "@types/mime@1.3.2",
          "@types/node": "@types/node@20.4.9"
        }
      },
      "@types/serve-static@1.15.2": {
        "integrity": "sha512-J2LqtvFYCzaj8pVYKw8klQXrLLk7TBZmQ4ShlcdkELFKGwGMfevMLneMMRkMgZxotOD9wg497LpC7O8PcvAmfw==",
        "dependencies": {
          "@types/http-errors": "@types/http-errors@2.0.1",
          "@types/mime": "@types/mime@3.0.1",
          "@types/node": "@types/node@20.4.9"
        }
      },
      "@types/ws@8.5.5": {
        "integrity": "sha512-lwhs8hktwxSjf9UaZ9tG5M03PGogvFaH8gUgLNbN9HKIg0dvv6q+gkSuJ8HN4/VbyxkuLzCjlN7GquQ0gUJfIg==",
        "dependencies": {
          "@types/node": "@types/node@20.4.9"
        }
      },
      "accepts@1.3.8": {
        "integrity": "sha512-PYAthTa2m2VKxuvSD3DPC/Gy+U+sOA1LAuT8mkmRuvw+NACSaeXEQ+NHcVF7rONl6qcaxV3Uuemwawk+7+SJLw==",
        "dependencies": {
          "mime-types": "mime-types@2.1.35",
          "negotiator": "negotiator@0.6.3"
        }
      },
      "ansi-regex@5.0.1": {
        "integrity": "sha512-quJQXlTSUGL2LH9SUXo8VwsY4soanhgo6LNSm84E1LBcE8s3O0wpdiRzyR9z/ZZJMlMWv37qOOb9pdJlMUEKFQ==",
        "dependencies": {}
      },
      "ansi-styles@4.3.0": {
        "integrity": "sha512-zbB9rCJAT1rbjiVDb2hqKFHNYLxgtk8NURxZ3IZwD3F6NtxbXZQCnnSi1Lkx+IDohdPlFp222wVALIheZJQSEg==",
        "dependencies": {
          "color-convert": "color-convert@2.0.1"
        }
      },
      "array-flatten@1.1.1": {
        "integrity": "sha512-PCVAQswWemu6UdxsDFFX/+gVeYqKAod3D3UVm91jHwynguOwAvYPhx8nNlM++NqRcK6CxxpUafjmhIdKiHibqg==",
        "dependencies": {}
      },
      "body-parser@1.20.1": {
        "integrity": "sha512-jWi7abTbYwajOytWCQc37VulmWiRae5RyTpaCyDcS5/lMdtwSz5lOpDE67srw/HYe35f1z3fDQw+3txg7gNtWw==",
        "dependencies": {
          "bytes": "bytes@3.1.2",
          "content-type": "content-type@1.0.5",
          "debug": "debug@2.6.9",
          "depd": "depd@2.0.0",
          "destroy": "destroy@1.2.0",
          "http-errors": "http-errors@2.0.0",
          "iconv-lite": "iconv-lite@0.4.24",
          "on-finished": "on-finished@2.4.1",
          "qs": "qs@6.11.0",
          "raw-body": "raw-body@2.5.1",
          "type-is": "type-is@1.6.18",
          "unpipe": "unpipe@1.0.0"
        }
      },
      "bytes@3.1.2": {
        "integrity": "sha512-/Nf7TyzTx6S3yRJObOAV7956r8cr2+Oj8AC5dt8wSP3BQAoeX58NoHyCU8P8zGkNXStjTSi6fzO6F0pBdcYbEg==",
        "dependencies": {}
      },
      "call-bind@1.0.2": {
        "integrity": "sha512-7O+FbCihrB5WGbFYesctwmTKae6rOiIzmz1icreWJ+0aA7LJfuqhEso2T9ncpcFtzMQtzXf2QGGueWJGTYsqrA==",
        "dependencies": {
          "function-bind": "function-bind@1.1.1",
          "get-intrinsic": "get-intrinsic@1.2.1"
        }
      },
      "cliui@8.0.1": {
        "integrity": "sha512-BSeNnyus75C4//NQ9gQt1/csTXyo/8Sb+afLAkzAptFuMsod9HFokGNudZpi/oQV73hnVK+sR+5PVRMd+Dr7YQ==",
        "dependencies": {
          "string-width": "string-width@4.2.3",
          "strip-ansi": "strip-ansi@6.0.1",
          "wrap-ansi": "wrap-ansi@7.0.0"
        }
      },
      "color-convert@2.0.1": {
        "integrity": "sha512-RRECPsj7iu/xb5oKYcsFHSppFNnsj/52OVTRKb4zP5onXwVF3zVmmToNcOfGC+CRDpfK/U584fMg38ZHCaElKQ==",
        "dependencies": {
          "color-name": "color-name@1.1.4"
        }
      },
      "color-name@1.1.4": {
        "integrity": "sha512-dOy+3AuW3a2wNbZHIuMZpTcgjGuLU/uBL/ubcZF9OXbDo8ff4O8yVp5Bf0efS8uEoYo5q4Fx7dY9OgQGXgAsQA==",
        "dependencies": {}
      },
      "content-disposition@0.5.4": {
        "integrity": "sha512-FveZTNuGw04cxlAiWbzi6zTAL/lhehaWbTtgluJh4/E95DqMwTmha3KZN1aAWA8cFIhHzMZUvLevkw5Rqk+tSQ==",
        "dependencies": {
          "safe-buffer": "safe-buffer@5.2.1"
        }
      },
      "content-type@1.0.5": {
        "integrity": "sha512-nTjqfcBFEipKdXCv4YDQWCfmcLZKm81ldF0pAopTvyrFGVbcR6P/VAAd5G7N+0tTr8QqiU0tFadD6FK4NtJwOA==",
        "dependencies": {}
      },
      "cookie-signature@1.0.6": {
        "integrity": "sha512-QADzlaHc8icV8I7vbaJXJwod9HWYp8uCqf1xa4OfNu1T7JVxQIrUgOWtHdNDtPiywmFbiS12VjotIXLrKM3orQ==",
        "dependencies": {}
      },
      "cookie@0.5.0": {
        "integrity": "sha512-YZ3GUyn/o8gfKJlnlX7g7xq4gyO6OSuhGPKaaGssGB2qgDUS0gPgtTvoyZLTt9Ab6dC4hfc9dV5arkvc/OCmrw==",
        "dependencies": {}
      },
      "cors@2.8.5": {
        "integrity": "sha512-KIHbLJqu73RGr/hnbrO9uBeixNGuvSQjul/jdFvS/KFSIH1hWVd1ng7zOHx+YrEfInLG7q4n6GHQ9cDtxv/P6g==",
        "dependencies": {
          "object-assign": "object-assign@4.1.1",
          "vary": "vary@1.1.2"
        }
      },
      "data-uri-to-buffer@4.0.1": {
        "integrity": "sha512-0R9ikRb668HB7QDxT1vkpuUBtqc53YyAwMwGeUFKRojY/NWKvdZ+9UYtRfGmhqNbRkTSVpMbmyhXipFFv2cb/A==",
        "dependencies": {}
      },
      "debug@2.6.9": {
        "integrity": "sha512-bC7ElrdJaJnPbAP+1EotYvqZsb3ecl5wi6Bfi6BJTUcNowp6cvspg0jXznRTKDjm/E7AdgFBVeAPVMNcKGsHMA==",
        "dependencies": {
          "ms": "ms@2.0.0"
        }
      },
      "depd@2.0.0": {
        "integrity": "sha512-g7nH6P6dyDioJogAAGprGpCtVImJhpPk/roCzdb3fIh61/s/nPsfR6onyMwkCAR/OlC3yBC0lESvUoQEAssIrw==",
        "dependencies": {}
      },
      "destroy@1.2.0": {
        "integrity": "sha512-2sJGJTaXIIaR1w4iJSNoN0hnMY7Gpc/n8D4qSCJw8QqFWXf7cuAgnEHxBpweaVcPevC2l3KpjYCx3NypQQgaJg==",
        "dependencies": {}
      },
      "ee-first@1.1.1": {
        "integrity": "sha512-WMwm9LhRUo+WUaRN+vRuETqG89IgZphVSNkdFgeb6sS/E4OrDIN7t48CAewSHXc6C8lefD8KKfr5vY61brQlow==",
        "dependencies": {}
      },
      "emoji-regex@8.0.0": {
        "integrity": "sha512-MSjYzcWNOA0ewAHpz0MxpYFvwg6yjy1NG3xteoqz644VCo/RPgnr1/GGt+ic3iJTzQ8Eu3TdM14SawnVUmGE6A==",
        "dependencies": {}
      },
      "encodeurl@1.0.2": {
        "integrity": "sha512-TPJXq8JqFaVYm2CWmPvnP2Iyo4ZSM7/QKcSmuMLDObfpH5fi7RUGmd/rTDf+rut/saiDiQEeVTNgAmJEdAOx0w==",
        "dependencies": {}
      },
      "escalade@3.1.1": {
        "integrity": "sha512-k0er2gUkLf8O0zKJiAhmkTnJlTvINGv7ygDNPbeIsX/TJjGJZHuh9B2UxbsaEkmlEo9MfhrSzmhIlhRlI2GXnw==",
        "dependencies": {}
      },
      "escape-html@1.0.3": {
        "integrity": "sha512-NiSupZ4OeuGwr68lGIeym/ksIZMJodUGOSCZ/FSnTxcrekbvqrgdUxlJOMpijaKZVjAJrWrGs/6Jy8OMuyj9ow==",
        "dependencies": {}
      },
      "etag@1.8.1": {
        "integrity": "sha512-aIL5Fx7mawVa300al2BnEE4iNvo1qETxLrPI/o05L7z6go7fCw1J6EQmbK4FmJ2AS7kgVF/KEZWufBfdClMcPg==",
        "dependencies": {}
      },
      "express@4.18.2": {
        "integrity": "sha512-5/PsL6iGPdfQ/lKM1UuielYgv3BUoJfz1aUwU9vHZ+J7gyvwdQXFEBIEIaxeGf0GIcreATNyBExtalisDbuMqQ==",
        "dependencies": {
          "accepts": "accepts@1.3.8",
          "array-flatten": "array-flatten@1.1.1",
          "body-parser": "body-parser@1.20.1",
          "content-disposition": "content-disposition@0.5.4",
          "content-type": "content-type@1.0.5",
          "cookie": "cookie@0.5.0",
          "cookie-signature": "cookie-signature@1.0.6",
          "debug": "debug@2.6.9",
          "depd": "depd@2.0.0",
          "encodeurl": "encodeurl@1.0.2",
          "escape-html": "escape-html@1.0.3",
          "etag": "etag@1.8.1",
          "finalhandler": "finalhandler@1.2.0",
          "fresh": "fresh@0.5.2",
          "http-errors": "http-errors@2.0.0",
          "merge-descriptors": "merge-descriptors@1.0.1",
          "methods": "methods@1.1.2",
          "on-finished": "on-finished@2.4.1",
          "parseurl": "parseurl@1.3.3",
          "path-to-regexp": "path-to-regexp@0.1.7",
          "proxy-addr": "proxy-addr@2.0.7",
          "qs": "qs@6.11.0",
          "range-parser": "range-parser@1.2.1",
          "safe-buffer": "safe-buffer@5.2.1",
          "send": "send@0.18.0",
          "serve-static": "serve-static@1.15.0",
          "setprototypeof": "setprototypeof@1.2.0",
          "statuses": "statuses@2.0.1",
          "type-is": "type-is@1.6.18",
          "utils-merge": "utils-merge@1.0.1",
          "vary": "vary@1.1.2"
        }
      },
      "fetch-blob@3.2.0": {
        "integrity": "sha512-7yAQpD2UMJzLi1Dqv7qFYnPbaPx7ZfFK6PiIxQ4PfkGPyNyl2Ugx+a/umUonmKqjhM4DnfbMvdX6otXq83soQQ==",
        "dependencies": {
          "node-domexception": "node-domexception@1.0.0",
          "web-streams-polyfill": "web-streams-polyfill@3.2.1"
        }
      },
      "finalhandler@1.2.0": {
        "integrity": "sha512-5uXcUVftlQMFnWC9qu/svkWv3GTd2PfUhK/3PLkYNAe7FbqJMt3515HaxE6eRL74GdsriiwujiawdaB1BpEISg==",
        "dependencies": {
          "debug": "debug@2.6.9",
          "encodeurl": "encodeurl@1.0.2",
          "escape-html": "escape-html@1.0.3",
          "on-finished": "on-finished@2.4.1",
          "parseurl": "parseurl@1.3.3",
          "statuses": "statuses@2.0.1",
          "unpipe": "unpipe@1.0.0"
        }
      },
      "formdata-polyfill@4.0.10": {
        "integrity": "sha512-buewHzMvYL29jdeQTVILecSaZKnt/RJWjoZCF5OW60Z67/GmSLBkOFM7qh1PI3zFNtJbaZL5eQu1vLfazOwj4g==",
        "dependencies": {
          "fetch-blob": "fetch-blob@3.2.0"
        }
      },
      "forwarded@0.2.0": {
        "integrity": "sha512-buRG0fpBtRHSTCOASe6hD258tEubFoRLb4ZNA6NxMVHNw2gOcwHo9wyablzMzOA5z9xA9L1KNjk/Nt6MT9aYow==",
        "dependencies": {}
      },
      "fresh@0.5.2": {
        "integrity": "sha512-zJ2mQYM18rEFOudeV4GShTGIQ7RbzA7ozbU9I/XBpm7kqgMywgmylMwXHxZJmkVoYkna9d2pVXVXPdYTP9ej8Q==",
        "dependencies": {}
      },
      "function-bind@1.1.1": {
        "integrity": "sha512-yIovAzMX49sF8Yl58fSCWJ5svSLuaibPxXQJFLmBObTuCr0Mf1KiPopGM9NiFjiYBCbfaa2Fh6breQ6ANVTI0A==",
        "dependencies": {}
      },
      "get-caller-file@2.0.5": {
        "integrity": "sha512-DyFP3BM/3YHTQOCUL/w0OZHR0lpKeGrxotcHWcqNEdnltqFwXVfhEBQ94eIo34AfQpo0rGki4cyIiftY06h2Fg==",
        "dependencies": {}
      },
      "get-intrinsic@1.2.1": {
        "integrity": "sha512-2DcsyfABl+gVHEfCOaTrWgyt+tb6MSEGmKq+kI5HwLbIYgjgmMcV8KQ41uaKz1xxUcn9tJtgFbQUEVcEbd0FYw==",
        "dependencies": {
          "function-bind": "function-bind@1.1.1",
          "has": "has@1.0.3",
          "has-proto": "has-proto@1.0.1",
          "has-symbols": "has-symbols@1.0.3"
        }
      },
      "has-proto@1.0.1": {
        "integrity": "sha512-7qE+iP+O+bgF9clE5+UoBFzE65mlBiVj3tKCrlNQ0Ogwm0BjpT/gK4SlLYDMybDh5I3TCTKnPPa0oMG7JDYrhg==",
        "dependencies": {}
      },
      "has-symbols@1.0.3": {
        "integrity": "sha512-l3LCuF6MgDNwTDKkdYGEihYjt5pRPbEg46rtlmnSPlUbgmB8LOIrKJbYYFBSbnPaJexMKtiPO8hmeRjRz2Td+A==",
        "dependencies": {}
      },
      "has@1.0.3": {
        "integrity": "sha512-f2dvO0VU6Oej7RkWJGrehjbzMAjFp5/VKPp5tTpWIV4JHHZK1/BxbFRtf/siA2SWTe09caDmVtYYzWEIbBS4zw==",
        "dependencies": {
          "function-bind": "function-bind@1.1.1"
        }
      },
      "http-errors@2.0.0": {
        "integrity": "sha512-FtwrG/euBzaEjYeRqOgly7G0qviiXoJWnvEH2Z1plBdXgbyjv34pHTSb9zoeHMyDy33+DWy5Wt9Wo+TURtOYSQ==",
        "dependencies": {
          "depd": "depd@2.0.0",
          "inherits": "inherits@2.0.4",
          "setprototypeof": "setprototypeof@1.2.0",
          "statuses": "statuses@2.0.1",
          "toidentifier": "toidentifier@1.0.1"
        }
      },
      "iconv-lite@0.4.24": {
        "integrity": "sha512-v3MXnZAcvnywkTUEZomIActle7RXXeedOR31wwl7VlyoXO4Qi9arvSenNQWne1TcRwhCL1HwLI21bEqdpj8/rA==",
        "dependencies": {
          "safer-buffer": "safer-buffer@2.1.2"
        }
      },
      "inherits@2.0.4": {
        "integrity": "sha512-k/vGaX4/Yla3WzyMCvTQOXYeIHvqOKtnqBduzTHpzpQZzAskKMhZ2K+EnBiSM9zGSoIFeMpXKxa4dYeZIQqewQ==",
        "dependencies": {}
      },
      "ipaddr.js@1.9.1": {
        "integrity": "sha512-0KI/607xoxSToH7GjN1FfSbLoU0+btTicjsQSWQlh/hZykN8KpmMf7uYwPW3R+akZ6R/w18ZlXSHBYXiYUPO3g==",
        "dependencies": {}
      },
      "is-fullwidth-code-point@3.0.0": {
        "integrity": "sha512-zymm5+u+sCsSWyD9qNaejV3DFvhCKclKdizYaJUuHA83RLjb7nSuGnddCHGv0hk+KY7BMAlsWeK4Ueg6EV6XQg==",
        "dependencies": {}
      },
      "media-typer@0.3.0": {
        "integrity": "sha512-dq+qelQ9akHpcOl/gUVRTxVIOkAJ1wR3QAvb4RsVjS8oVoFjDGTc679wJYmUmknUF5HwMLOgb5O+a3KxfWapPQ==",
        "dependencies": {}
      },
      "merge-descriptors@1.0.1": {
        "integrity": "sha512-cCi6g3/Zr1iqQi6ySbseM1Xvooa98N0w31jzUYrXPX2xqObmFGHJ0tQ5u74H3mVh7wLouTseZyYIq39g8cNp1w==",
        "dependencies": {}
      },
      "methods@1.1.2": {
        "integrity": "sha512-iclAHeNqNm68zFtnZ0e+1L2yUIdvzNoauKU4WBA3VvH/vPFieF7qfRlwUZU+DA9P9bPXIS90ulxoUoCH23sV2w==",
        "dependencies": {}
      },
      "mime-db@1.52.0": {
        "integrity": "sha512-sPU4uV7dYlvtWJxwwxHD0PuihVNiE7TyAbQ5SWxDCB9mUYvOgroQOwYQQOKPJ8CIbE+1ETVlOoK1UC2nU3gYvg==",
        "dependencies": {}
      },
      "mime-types@2.1.35": {
        "integrity": "sha512-ZDY+bPm5zTTF+YpCrAU9nK0UgICYPT0QtT1NZWFv4s++TNkcgVaT0g6+4R2uI4MjQjzysHB1zxuWL50hzaeXiw==",
        "dependencies": {
          "mime-db": "mime-db@1.52.0"
        }
      },
      "mime@1.6.0": {
        "integrity": "sha512-x0Vn8spI+wuJ1O6S7gnbaQg8Pxh4NNHb7KSINmEWKiPE4RKOplvijn+NkmYmmRgP68mc70j2EbeTFRsrswaQeg==",
        "dependencies": {}
      },
      "ms@2.0.0": {
        "integrity": "sha512-Tpp60P6IUJDTuOq/5Z8cdskzJujfwqfOTkrwIwj7IRISpnkJnT6SyJ4PCPnGMoFjC9ddhal5KVIYtAt97ix05A==",
        "dependencies": {}
      },
      "ms@2.1.3": {
        "integrity": "sha512-6FlzubTLZG3J2a/NVCAleEhjzq5oxgHyaCU9yYXvcLsvoVaHJq/s5xXI6/XXP6tz7R9xAOtHnSO/tXtF3WRTlA==",
        "dependencies": {}
      },
      "negotiator@0.6.3": {
        "integrity": "sha512-+EUsqGPLsM+j/zdChZjsnX51g4XrHFOIXwfnCVPGlQk/k5giakcKsuxCObBRu6DSm9opw/O6slWbJdghQM4bBg==",
        "dependencies": {}
      },
      "node-domexception@1.0.0": {
        "integrity": "sha512-/jKZoMpw0F8GRwl4/eLROPA3cfcXtLApP0QzLmUT/HuPCZWyB7IY9ZrMeKw2O/nFIqPQB3PVM9aYm0F312AXDQ==",
        "dependencies": {}
      },
      "node-fetch@3.3.2": {
        "integrity": "sha512-dRB78srN/l6gqWulah9SrxeYnxeddIG30+GOqK/9OlLVyLg3HPnr6SqOWTWOXKRwC2eGYCkZ59NNuSgvSrpgOA==",
        "dependencies": {
          "data-uri-to-buffer": "data-uri-to-buffer@4.0.1",
          "fetch-blob": "fetch-blob@3.2.0",
          "formdata-polyfill": "formdata-polyfill@4.0.10"
        }
      },
      "object-assign@4.1.1": {
        "integrity": "sha512-rJgTQnkUnH1sFw8yT6VSU3zD3sWmu6sZhIseY8VX+GRu3P6F7Fu+JNDoXfklElbLJSnc3FUQHVe4cU5hj+BcUg==",
        "dependencies": {}
      },
      "object-inspect@1.12.3": {
        "integrity": "sha512-geUvdk7c+eizMNUDkRpW1wJwgfOiOeHbxBR/hLXK1aT6zmVSO0jsQcs7fj6MGw89jC/cjGfLcNOrtMYtGqm81g==",
        "dependencies": {}
      },
      "on-finished@2.4.1": {
        "integrity": "sha512-oVlzkg3ENAhCk2zdv7IJwd/QUD4z2RxRwpkcGY8psCVcCYZNq4wYnVWALHM+brtuJjePWiYF/ClmuDr8Ch5+kg==",
        "dependencies": {
          "ee-first": "ee-first@1.1.1"
        }
      },
      "parseurl@1.3.3": {
        "integrity": "sha512-CiyeOxFT/JZyN5m0z9PfXw4SCBJ6Sygz1Dpl0wqjlhDEGGBP1GnsUVEL0p63hoG1fcj3fHynXi9NYO4nWOL+qQ==",
        "dependencies": {}
      },
      "path-to-regexp@0.1.7": {
        "integrity": "sha512-5DFkuoqlv1uYQKxy8omFBeJPQcdoE07Kv2sferDCrAq1ohOU+MSDswDIbnx3YAM60qIOnYa53wBhXW0EbMonrQ==",
        "dependencies": {}
      },
      "peer@1.0.0": {
        "integrity": "sha512-fPVtyCKZWVfjbf7XnY7MskhTlu+pBpMvQV81sngT8aXIuT5YF9y9bwIw8y5BlI98DV0NsDpLjow/oemFNvcKkg==",
        "dependencies": {
          "@types/express": "@types/express@4.17.17",
          "@types/ws": "@types/ws@8.5.5",
          "cors": "cors@2.8.5",
          "express": "express@4.18.2",
          "node-fetch": "node-fetch@3.3.2",
          "ws": "ws@8.13.0",
          "yargs": "yargs@17.7.2"
        }
      },
      "proxy-addr@2.0.7": {
        "integrity": "sha512-llQsMLSUDUPT44jdrU/O37qlnifitDP+ZwrmmZcoSKyLKvtZxpyV0n2/bD/N4tBAAZ/gJEdZU7KMraoK1+XYAg==",
        "dependencies": {
          "forwarded": "forwarded@0.2.0",
          "ipaddr.js": "ipaddr.js@1.9.1"
        }
      },
      "qs@6.11.0": {
        "integrity": "sha512-MvjoMCJwEarSbUYk5O+nmoSzSutSsTwF85zcHPQ9OrlFoZOYIjaqBAJIqIXjptyD5vThxGq52Xu/MaJzRkIk4Q==",
        "dependencies": {
          "side-channel": "side-channel@1.0.4"
        }
      },
      "range-parser@1.2.1": {
        "integrity": "sha512-Hrgsx+orqoygnmhFbKaHE6c296J+HTAQXoxEF6gNupROmmGJRoyzfG3ccAveqCBrwr/2yxQ5BVd/GTl5agOwSg==",
        "dependencies": {}
      },
      "raw-body@2.5.1": {
        "integrity": "sha512-qqJBtEyVgS0ZmPGdCFPWJ3FreoqvG4MVQln/kCgF7Olq95IbOp0/BWyMwbdtn4VTvkM8Y7khCQ2Xgk/tcrCXig==",
        "dependencies": {
          "bytes": "bytes@3.1.2",
          "http-errors": "http-errors@2.0.0",
          "iconv-lite": "iconv-lite@0.4.24",
          "unpipe": "unpipe@1.0.0"
        }
      },
      "require-directory@2.1.1": {
        "integrity": "sha512-fGxEI7+wsG9xrvdjsrlmL22OMTTiHRwAMroiEeMgq8gzoLC/PQr7RsRDSTLUg/bZAZtF+TVIkHc6/4RIKrui+Q==",
        "dependencies": {}
      },
      "safe-buffer@5.2.1": {
        "integrity": "sha512-rp3So07KcdmmKbGvgaNxQSJr7bGVSVk5S9Eq1F+ppbRo70+YeaDxkw5Dd8NPN+GD6bjnYm2VuPuCXmpuYvmCXQ==",
        "dependencies": {}
      },
      "safer-buffer@2.1.2": {
        "integrity": "sha512-YZo3K82SD7Riyi0E1EQPojLz7kpepnSQI9IyPbHHg1XXXevb5dJI7tpyN2ADxGcQbHG7vcyRHk0cbwqcQriUtg==",
        "dependencies": {}
      },
      "send@0.18.0": {
        "integrity": "sha512-qqWzuOjSFOuqPjFe4NOsMLafToQQwBSOEpS+FwEt3A2V3vKubTquT3vmLTQpFgMXp8AlFWFuP1qKaJZOtPpVXg==",
        "dependencies": {
          "debug": "debug@2.6.9",
          "depd": "depd@2.0.0",
          "destroy": "destroy@1.2.0",
          "encodeurl": "encodeurl@1.0.2",
          "escape-html": "escape-html@1.0.3",
          "etag": "etag@1.8.1",
          "fresh": "fresh@0.5.2",
          "http-errors": "http-errors@2.0.0",
          "mime": "mime@1.6.0",
          "ms": "ms@2.1.3",
          "on-finished": "on-finished@2.4.1",
          "range-parser": "range-parser@1.2.1",
          "statuses": "statuses@2.0.1"
        }
      },
      "serve-static@1.15.0": {
        "integrity": "sha512-XGuRDNjXUijsUL0vl6nSD7cwURuzEgglbOaFuZM9g3kwDXOWVTck0jLzjPzGD+TazWbboZYu52/9/XPdUgne9g==",
        "dependencies": {
          "encodeurl": "encodeurl@1.0.2",
          "escape-html": "escape-html@1.0.3",
          "parseurl": "parseurl@1.3.3",
          "send": "send@0.18.0"
        }
      },
      "setprototypeof@1.2.0": {
        "integrity": "sha512-E5LDX7Wrp85Kil5bhZv46j8jOeboKq5JMmYM3gVGdGH8xFpPWXUMsNrlODCrkoxMEeNi/XZIwuRvY4XNwYMJpw==",
        "dependencies": {}
      },
      "side-channel@1.0.4": {
        "integrity": "sha512-q5XPytqFEIKHkGdiMIrY10mvLRvnQh42/+GoBlFW3b2LXLE2xxJpZFdm94we0BaoV3RwJyGqg5wS7epxTv0Zvw==",
        "dependencies": {
          "call-bind": "call-bind@1.0.2",
          "get-intrinsic": "get-intrinsic@1.2.1",
          "object-inspect": "object-inspect@1.12.3"
        }
      },
      "statuses@2.0.1": {
        "integrity": "sha512-RwNA9Z/7PrK06rYLIzFMlaF+l73iwpzsqRIFgbMLbTcLD6cOao82TaWefPXQvB2fOC4AjuYSEndS7N/mTCbkdQ==",
        "dependencies": {}
      },
      "string-width@4.2.3": {
        "integrity": "sha512-wKyQRQpjJ0sIp62ErSZdGsjMJWsap5oRNihHhu6G7JVO/9jIB6UyevL+tXuOqrng8j/cxKTWyWUwvSTriiZz/g==",
        "dependencies": {
          "emoji-regex": "emoji-regex@8.0.0",
          "is-fullwidth-code-point": "is-fullwidth-code-point@3.0.0",
          "strip-ansi": "strip-ansi@6.0.1"
        }
      },
      "strip-ansi@6.0.1": {
        "integrity": "sha512-Y38VPSHcqkFrCpFnQ9vuSXmquuv5oXOKpGeT6aGrr3o3Gc9AlVa6JBfUSOCnbxGGZF+/0ooI7KrPuUSztUdU5A==",
        "dependencies": {
          "ansi-regex": "ansi-regex@5.0.1"
        }
      },
      "toidentifier@1.0.1": {
        "integrity": "sha512-o5sSPKEkg/DIQNmH43V0/uerLrpzVedkUh8tGNvaeXpfpuwjKenlSox/2O/BTlZUtEe+JG7s5YhEz608PlAHRA==",
        "dependencies": {}
      },
      "type-is@1.6.18": {
        "integrity": "sha512-TkRKr9sUTxEH8MdfuCSP7VizJyzRNMjj2J2do2Jr3Kym598JVdEksuzPQCnlFPW4ky9Q+iA+ma9BGm06XQBy8g==",
        "dependencies": {
          "media-typer": "media-typer@0.3.0",
          "mime-types": "mime-types@2.1.35"
        }
      },
      "unpipe@1.0.0": {
        "integrity": "sha512-pjy2bYhSsufwWlKwPc+l3cN7+wuJlK6uz0YdJEOlQDbl6jo/YlPi4mb8agUkVC8BF7V8NuzeyPNqRksA3hztKQ==",
        "dependencies": {}
      },
      "utils-merge@1.0.1": {
        "integrity": "sha512-pMZTvIkT1d+TFGvDOqodOclx0QWkkgi6Tdoa8gC8ffGAAqz9pzPTZWAybbsHHoED/ztMtkv/VoYTYyShUn81hA==",
        "dependencies": {}
      },
      "vary@1.1.2": {
        "integrity": "sha512-BNGbWLfd0eUPabhkXUVm0j8uuvREyTh5ovRa/dyow/BqAbZJyC+5fU+IzQOzmAKzYqYRAISoRhdQr3eIZ/PXqg==",
        "dependencies": {}
      },
      "web-streams-polyfill@3.2.1": {
        "integrity": "sha512-e0MO3wdXWKrLbL0DgGnUV7WHVuw9OUvL4hjgnPkIeEvESk74gAITi5G606JtZPp39cd8HA9VQzCIvA49LpPN5Q==",
        "dependencies": {}
      },
      "wrap-ansi@7.0.0": {
        "integrity": "sha512-YVGIj2kamLSTxw6NsZjoBxfSwsn0ycdesmc4p+Q21c5zPuZ1pl+NfxVdxPtdHvmNVOQ6XSYG4AUtyt/Fi7D16Q==",
        "dependencies": {
          "ansi-styles": "ansi-styles@4.3.0",
          "string-width": "string-width@4.2.3",
          "strip-ansi": "strip-ansi@6.0.1"
        }
      },
      "ws@8.13.0": {
        "integrity": "sha512-x9vcZYTrFPC7aSIbj7sRCYo7L/Xb8Iy+pW0ng0wt2vCJv7M9HOMy0UoN3rr+IFC7hb7vXoqS+P9ktyLLLhO+LA==",
        "dependencies": {}
      },
      "y18n@5.0.8": {
        "integrity": "sha512-0pfFzegeDWJHJIAmTLRP2DwHjdF5s7jo9tuztdQxAhINCdvS+3nGINqPd00AphqJR/0LhANUS6/+7SCb98YOfA==",
        "dependencies": {}
      },
      "yargs-parser@21.1.1": {
        "integrity": "sha512-tVpsJW7DdjecAiFpbIB1e3qxIQsE6NoPc5/eTdrbbIC4h0LVsWhnoa3g+m2HclBIujHzsxZ4VJVA+GUuc2/LBw==",
        "dependencies": {}
      },
      "yargs@17.7.2": {
        "integrity": "sha512-7dSzzRQ++CKnNI/krKnYRV7JKKPUXMEh61soaHKg9mrWEhzFWhFnxPxGl+69cD1Ou63C13NUPCnmIcrvqCuM6w==",
        "dependencies": {
          "cliui": "cliui@8.0.1",
          "escalade": "escalade@3.1.1",
          "get-caller-file": "get-caller-file@2.0.5",
          "require-directory": "require-directory@2.1.1",
          "string-width": "string-width@4.2.3",
          "y18n": "y18n@5.0.8",
          "yargs-parser": "yargs-parser@21.1.1"
        }
      }
    }
  }
}
